
Microsoft Visual Studio Solution File, Format Version 12.00
# Visual Studio Version 16
VisualStudioVersion = 16.0.31424.327
MinimumVisualStudioVersion = 10.0.40219.1
Project("{FAE04EC0-301F-11D3-BF4B-00C04F79EFBC}") = "task_8", "task_8\task_8.csproj", "{114E4B1C-1587-492E-9B82-A725A0FD2CF4}"
EndProject
Global
	GlobalSection(SolutionConfigurationPlatforms) = preSolution
		Debug|Any CPU = Debug|Any CPU
		Release|Any CPU = Release|Any CPU
	EndGlobalSection
	GlobalSection(ProjectConfigurationPlatforms) = postSolution
		{114E4B1C-1587-492E-9B82-A725A0FD2CF4}.Debug|Any CPU.ActiveCfg = Debug|Any CPU
		{114E4B1C-1587-492E-9B82-A725A0FD2CF4}.Debug|Any CPU.Build.0 = Debug|Any CPU
		{114E4B1C-1587-492E-9B82-A725A0FD2CF4}.Release|Any CPU.ActiveCfg = Release|Any CPU
		{114E4B1C-1587-492E-9B82-A725A0FD2CF4}.Release|Any CPU.Build.0 = Release|Any CPU
	EndGlobalSection
	GlobalSection(SolutionProperties) = preSolution
		HideSolutionNode = FALSE
	EndGlobalSection
	GlobalSection(ExtensibilityGlobals) = postSolution
		SolutionGuid = {4F390FE5-1927-42A5-935B-448047619150}
	EndGlobalSection
EndGlobal
