
Microsoft Visual Studio Solution File, Format Version 12.00
# Visual Studio Version 16
VisualStudioVersion = 16.0.31424.327
MinimumVisualStudioVersion = 10.0.40219.1
Project("{FAE04EC0-301F-11D3-BF4B-00C04F79EFBC}") = "task_12", "task_12\task_12.csproj", "{9085AD90-3C60-43F1-A1E2-0F390EAFA196}"
EndProject
Global
	GlobalSection(SolutionConfigurationPlatforms) = preSolution
		Debug|Any CPU = Debug|Any CPU
		Release|Any CPU = Release|Any CPU
	EndGlobalSection
	GlobalSection(ProjectConfigurationPlatforms) = postSolution
		{9085AD90-3C60-43F1-A1E2-0F390EAFA196}.Debug|Any CPU.ActiveCfg = Debug|Any CPU
		{9085AD90-3C60-43F1-A1E2-0F390EAFA196}.Debug|Any CPU.Build.0 = Debug|Any CPU
		{9085AD90-3C60-43F1-A1E2-0F390EAFA196}.Release|Any CPU.ActiveCfg = Release|Any CPU
		{9085AD90-3C60-43F1-A1E2-0F390EAFA196}.Release|Any CPU.Build.0 = Release|Any CPU
	EndGlobalSection
	GlobalSection(SolutionProperties) = preSolution
		HideSolutionNode = FALSE
	EndGlobalSection
	GlobalSection(ExtensibilityGlobals) = postSolution
		SolutionGuid = {620482F1-BB76-4D8F-AF42-7B3C766D93DD}
	EndGlobalSection
EndGlobal
